
Microsoft Visual Studio Solution File, Format Version 12.00
# Visual Studio 14
VisualStudioVersion = 14.0.25420.1
MinimumVisualStudioVersion = 10.0.40219.1
Project("{FAE04EC0-301F-11D3-BF4B-00C04F79EFBC}") = "session 3 claswork data conversion", "session 3 claswork data conversion.csproj", "{F0B70CD6-A88A-4746-8A24-323B9FA9A021}"
EndProject
Global
	GlobalSection(SolutionConfigurationPlatforms) = preSolution
		Debug|Any CPU = Debug|Any CPU
		Release|Any CPU = Release|Any CPU
	EndGlobalSection
	GlobalSection(ProjectConfigurationPlatforms) = postSolution
		{F0B70CD6-A88A-4746-8A24-323B9FA9A021}.Debug|Any CPU.ActiveCfg = Debug|Any CPU
		{F0B70CD6-A88A-4746-8A24-323B9FA9A021}.Debug|Any CPU.Build.0 = Debug|Any CPU
		{F0B70CD6-A88A-4746-8A24-323B9FA9A021}.Release|Any CPU.ActiveCfg = Release|Any CPU
		{F0B70CD6-A88A-4746-8A24-323B9FA9A021}.Release|Any CPU.Build.0 = Release|Any CPU
	EndGlobalSection
	GlobalSection(SolutionProperties) = preSolution
		HideSolutionNode = FALSE
	EndGlobalSection
EndGlobal
